
Microsoft Visual Studio Solution File, Format Version 12.00
# Visual Studio 15
VisualStudioVersion = 15.0.26730.3
MinimumVisualStudioVersion = 10.0.40219.1
Project("{9A19103F-16F7-4668-BE54-9A1E7A4F7556}") = "DestinySharpRewritten", "DestinySharpRewritten\DestinySharpRewritten.csproj", "{47BBE7A2-51B5-4212-8D55-48122F3D8624}"
EndProject
Project("{FAE04EC0-301F-11D3-BF4B-00C04F79EFBC}") = "DestinySharpRewritten.Test", "DestinySharpRewritten.Test\DestinySharpRewritten.Test.csproj", "{19CAE144-88C5-422D-990A-64323D1EA8A4}"
EndProject
Project("{FAE04EC0-301F-11D3-BF4B-00C04F79EFBC}") = "DestinySharpRewritten.Console", "DestinySharpRewritten.Console\DestinySharpRewritten.Console.csproj", "{7CBBBD0E-40C2-408F-B2C3-8BAF393F26BE}"
EndProject
Global
	GlobalSection(SolutionConfigurationPlatforms) = preSolution
		Debug|Any CPU = Debug|Any CPU
		Release|Any CPU = Release|Any CPU
	EndGlobalSection
	GlobalSection(ProjectConfigurationPlatforms) = postSolution
		{47BBE7A2-51B5-4212-8D55-48122F3D8624}.Debug|Any CPU.ActiveCfg = Debug|Any CPU
		{47BBE7A2-51B5-4212-8D55-48122F3D8624}.Debug|Any CPU.Build.0 = Debug|Any CPU
		{47BBE7A2-51B5-4212-8D55-48122F3D8624}.Release|Any CPU.ActiveCfg = Release|Any CPU
		{47BBE7A2-51B5-4212-8D55-48122F3D8624}.Release|Any CPU.Build.0 = Release|Any CPU
		{19CAE144-88C5-422D-990A-64323D1EA8A4}.Debug|Any CPU.ActiveCfg = Debug|Any CPU
		{19CAE144-88C5-422D-990A-64323D1EA8A4}.Debug|Any CPU.Build.0 = Debug|Any CPU
		{19CAE144-88C5-422D-990A-64323D1EA8A4}.Release|Any CPU.ActiveCfg = Release|Any CPU
		{19CAE144-88C5-422D-990A-64323D1EA8A4}.Release|Any CPU.Build.0 = Release|Any CPU
		{7CBBBD0E-40C2-408F-B2C3-8BAF393F26BE}.Debug|Any CPU.ActiveCfg = Debug|Any CPU
		{7CBBBD0E-40C2-408F-B2C3-8BAF393F26BE}.Debug|Any CPU.Build.0 = Debug|Any CPU
		{7CBBBD0E-40C2-408F-B2C3-8BAF393F26BE}.Release|Any CPU.ActiveCfg = Release|Any CPU
		{7CBBBD0E-40C2-408F-B2C3-8BAF393F26BE}.Release|Any CPU.Build.0 = Release|Any CPU
	EndGlobalSection
	GlobalSection(SolutionProperties) = preSolution
		HideSolutionNode = FALSE
	EndGlobalSection
	GlobalSection(ExtensibilityGlobals) = postSolution
		SolutionGuid = {182DAE7F-149B-43B9-925F-D89321417110}
	EndGlobalSection
EndGlobal
